
Microsoft Visual Studio Solution File, Format Version 12.00
# Visual Studio Version 17
VisualStudioVersion = 17.13.35825.156 d17.13
MinimumVisualStudioVersion = 10.0.40219.1
Project("{FAE04EC0-301F-11D3-BF4B-00C04F79EFBC}") = "Demirbaslar.API", "Demirbaslar.API\Demirbaslar.API.csproj", "{DC105E2C-152A-432C-9A1F-83A46E72EA67}"
EndProject
Global
	GlobalSection(SolutionConfigurationPlatforms) = preSolution
		Debug|Any CPU = Debug|Any CPU
		Release|Any CPU = Release|Any CPU
	EndGlobalSection
	GlobalSection(ProjectConfigurationPlatforms) = postSolution
		{DC105E2C-152A-432C-9A1F-83A46E72EA67}.Debug|Any CPU.ActiveCfg = Debug|Any CPU
		{DC105E2C-152A-432C-9A1F-83A46E72EA67}.Debug|Any CPU.Build.0 = Debug|Any CPU
		{DC105E2C-152A-432C-9A1F-83A46E72EA67}.Release|Any CPU.ActiveCfg = Release|Any CPU
		{DC105E2C-152A-432C-9A1F-83A46E72EA67}.Release|Any CPU.Build.0 = Release|Any CPU
	EndGlobalSection
	GlobalSection(SolutionProperties) = preSolution
		HideSolutionNode = FALSE
	EndGlobalSection
	GlobalSection(ExtensibilityGlobals) = postSolution
		SolutionGuid = {377AB2AB-6A37-4F01-8386-70B25271B01E}
	EndGlobalSection
EndGlobal
